// !$*UTF8*$!
{
	archiveVersion = 1;
	classes = {
	};
	objectVersion = 50;
	objects = {

/* Begin PBXBuildFile section */
		7615B09C81503C36353F0B7F /* libPods-menuUITests.a in Frameworks */ = {isa = PBXBuildFile; fileRef = 46F1AD7D4E4D30B94A70C593 /* libPods-menuUITests.a */; };
		8FA09C64F95140A659BF8D61 /* libPods-menuTests.a in Frameworks */ = {isa = PBXBuildFile; fileRef = 92E9CA9DF21F17AD94C92F3D /* libPods-menuTests.a */; };
		B4CA29C9223AA6BC00217722 /* AppDelegate.m in Sources */ = {isa = PBXBuildFile; fileRef = B4CA29C8223AA6BC00217722 /* AppDelegate.m */; };
		B4CA29CC223AA6BC00217722 /* ViewController.m in Sources */ = {isa = PBXBuildFile; fileRef = B4CA29CB223AA6BC00217722 /* ViewController.m */; };
		B4CA29CF223AA6BC00217722 /* Main.storyboard in Resources */ = {isa = PBXBuildFile; fileRef = B4CA29CD223AA6BC00217722 /* Main.storyboard */; };
		B4CA29D1223AA6BF00217722 /* Assets.xcassets in Resources */ = {isa = PBXBuildFile; fileRef = B4CA29D0223AA6BF00217722 /* Assets.xcassets */; };
		B4CA29D4223AA6BF00217722 /* LaunchScreen.storyboard in Resources */ = {isa = PBXBuildFile; fileRef = B4CA29D2223AA6BF00217722 /* LaunchScreen.storyboard */; };
		B4CA29D7223AA6BF00217722 /* main.m in Sources */ = {isa = PBXBuildFile; fileRef = B4CA29D6223AA6BF00217722 /* main.m */; };
		B4CA29E1223AA6BF00217722 /* menuTests.m in Sources */ = {isa = PBXBuildFile; fileRef = B4CA29E0223AA6BF00217722 /* menuTests.m */; };
		B4CA29EC223AA6BF00217722 /* menuUITests.m in Sources */ = {isa = PBXBuildFile; fileRef = B4CA29EB223AA6BF00217722 /* menuUITests.m */; };
		FB024697115EDB64601F390A /* libPods-menu.a in Frameworks */ = {isa = PBXBuildFile; fileRef = 868D1E0C72451A4BF064FC4C /* libPods-menu.a */; };
/* End PBXBuildFile section */

/* Begin PBXContainerItemProxy section */
		B4CA29DD223AA6BF00217722 /* PBXContainerItemProxy */ = {
			isa = PBXContainerItemProxy;
			containerPortal = B4CA29BC223AA6BC00217722 /* Project object */;
			proxyType = 1;
			remoteGlobalIDString = B4CA29C3223AA6BC00217722;
			remoteInfo = menu;
		};
		B4CA29E8223AA6BF00217722 /* PBXContainerItemProxy */ = {
			isa = PBXContainerItemProxy;
			containerPortal = B4CA29BC223AA6BC00217722 /* Project object */;
			proxyType = 1;
			remoteGlobalIDString = B4CA29C3223AA6BC00217722;
			remoteInfo = menu;
		};
/* End PBXContainerItemProxy section */

/* Begin PBXFileReference section */
		04F495A6A6287DAC8FED5B67 /* Pods-menuUITests.debug.xcconfig */ = {isa = PBXFileReference; includeInIndex = 1; lastKnownFileType = text.xcconfig; name = "Pods-menuUITests.debug.xcconfig"; path = "Pods/Target Support Files/Pods-menuUITests/Pods-menuUITests.debug.xcconfig"; sourceTree = "<group>"; };
		10FA3EFB3900C9BD98E1B9FF /* Pods-menuTests.release.xcconfig */ = {isa = PBXFileReference; includeInIndex = 1; lastKnownFileType = text.xcconfig; name = "Pods-menuTests.release.xcconfig"; path = "Pods/Target Support Files/Pods-menuTests/Pods-menuTests.release.xcconfig"; sourceTree = "<group>"; };
		3415131B5C4FC5BC78102A7D /* Pods-menu.debug.xcconfig */ = {isa = PBXFileReference; includeInIndex = 1; lastKnownFileType = text.xcconfig; name = "Pods-menu.debug.xcconfig"; path = "Pods/Target Support Files/Pods-menu/Pods-menu.debug.xcconfig"; sourceTree = "<group>"; };
		46F1AD7D4E4D30B94A70C593 /* libPods-menuUITests.a */ = {isa = PBXFileReference; explicitFileType = archive.ar; includeInIndex = 0; path = "libPods-menuUITests.a"; sourceTree = BUILT_PRODUCTS_DIR; };
		5A1F55D2EF04609CAFF5AA29 /* Pods-menuUITests.release.xcconfig */ = {isa = PBXFileReference; includeInIndex = 1; lastKnownFileType = text.xcconfig; name = "Pods-menuUITests.release.xcconfig"; path = "Pods/Target Support Files/Pods-menuUITests/Pods-menuUITests.release.xcconfig"; sourceTree = "<group>"; };
		5A5A21995656B0537B1AAF88 /* Pods-menuTests.debug.xcconfig */ = {isa = PBXFileReference; includeInIndex = 1; lastKnownFileType = text.xcconfig; name = "Pods-menuTests.debug.xcconfig"; path = "Pods/Target Support Files/Pods-menuTests/Pods-menuTests.debug.xcconfig"; sourceTree = "<group>"; };
		868D1E0C72451A4BF064FC4C /* libPods-menu.a */ = {isa = PBXFileReference; explicitFileType = archive.ar; includeInIndex = 0; path = "libPods-menu.a"; sourceTree = BUILT_PRODUCTS_DIR; };
		92E9CA9DF21F17AD94C92F3D /* libPods-menuTests.a */ = {isa = PBXFileReference; explicitFileType = archive.ar; includeInIndex = 0; path = "libPods-menuTests.a"; sourceTree = BUILT_PRODUCTS_DIR; };
		B4CA29C4223AA6BC00217722 /* menu.app */ = {isa = PBXFileReference; explicitFileType = wrapper.application; includeInIndex = 0; path = menu.app; sourceTree = BUILT_PRODUCTS_DIR; };
		B4CA29C7223AA6BC00217722 /* AppDelegate.h */ = {isa = PBXFileReference; lastKnownFileType = sourcecode.c.h; path = AppDelegate.h; sourceTree = "<group>"; };
		B4CA29C8223AA6BC00217722 /* AppDelegate.m */ = {isa = PBXFileReference; lastKnownFileType = sourcecode.c.objc; path = AppDelegate.m; sourceTree = "<group>"; };
		B4CA29CA223AA6BC00217722 /* ViewController.h */ = {isa = PBXFileReference; lastKnownFileType = sourcecode.c.h; path = ViewController.h; sourceTree = "<group>"; };
		B4CA29CB223AA6BC00217722 /* ViewController.m */ = {isa = PBXFileReference; lastKnownFileType = sourcecode.c.objc; path = ViewController.m; sourceTree = "<group>"; };
		B4CA29CE223AA6BC00217722 /* Base */ = {isa = PBXFileReference; lastKnownFileType = file.storyboard; name = Base; path = Base.lproj/Main.storyboard; sourceTree = "<group>"; };
		B4CA29D0223AA6BF00217722 /* Assets.xcassets */ = {isa = PBXFileReference; lastKnownFileType = folder.assetcatalog; path = Assets.xcassets; sourceTree = "<group>"; };
		B4CA29D3223AA6BF00217722 /* Base */ = {isa = PBXFileReference; lastKnownFileType = file.storyboard; name = Base; path = Base.lproj/LaunchScreen.storyboard; sourceTree = "<group>"; };
		B4CA29D5223AA6BF00217722 /* Info.plist */ = {isa = PBXFileReference; lastKnownFileType = text.plist.xml; path = Info.plist; sourceTree = "<group>"; };
		B4CA29D6223AA6BF00217722 /* main.m */ = {isa = PBXFileReference; lastKnownFileType = sourcecode.c.objc; path = main.m; sourceTree = "<group>"; };
		B4CA29DC223AA6BF00217722 /* menuTests.xctest */ = {isa = PBXFileReference; explicitFileType = wrapper.cfbundle; includeInIndex = 0; path = menuTests.xctest; sourceTree = BUILT_PRODUCTS_DIR; };
		B4CA29E0223AA6BF00217722 /* menuTests.m */ = {isa = PBXFileReference; lastKnownFileType = sourcecode.c.objc; path = menuTests.m; sourceTree = "<group>"; };
		B4CA29E2223AA6BF00217722 /* Info.plist */ = {isa = PBXFileReference; lastKnownFileType = text.plist.xml; path = Info.plist; sourceTree = "<group>"; };
		B4CA29E7223AA6BF00217722 /* menuUITests.xctest */ = {isa = PBXFileReference; explicitFileType = wrapper.cfbundle; includeInIndex = 0; path = menuUITests.xctest; sourceTree = BUILT_PRODUCTS_DIR; };
		B4CA29EB223AA6BF00217722 /* menuUITests.m */ = {isa = PBXFileReference; lastKnownFileType = sourcecode.c.objc; path = menuUITests.m; sourceTree = "<group>"; };
		B4CA29ED223AA6BF00217722 /* Info.plist */ = {isa = PBXFileReference; lastKnownFileType = text.plist.xml; path = Info.plist; sourceTree = "<group>"; };
		E93FB817F2D29705F551D031 /* Pods-menu.release.xcconfig */ = {isa = PBXFileReference; includeInIndex = 1; lastKnownFileType = text.xcconfig; name = "Pods-menu.release.xcconfig"; path = "Pods/Target Support Files/Pods-menu/Pods-menu.release.xcconfig"; sourceTree = "<group>"; };
/* End PBXFileReference section */

/* Begin PBXFrameworksBuildPhase section */
		B4CA29C1223AA6BC00217722 /* Frameworks */ = {
			isa = PBXFrameworksBuildPhase;
			buildActionMask = 2147483647;
			files = (
				FB024697115EDB64601F390A /* libPods-menu.a in Frameworks */,
			);
			runOnlyForDeploymentPostprocessing = 0;
		};
		B4CA29D9223AA6BF00217722 /* Frameworks */ = {
			isa = PBXFrameworksBuildPhase;
			buildActionMask = 2147483647;
			files = (
				8FA09C64F95140A659BF8D61 /* libPods-menuTests.a in Frameworks */,
			);
			runOnlyForDeploymentPostprocessing = 0;
		};
		B4CA29E4223AA6BF00217722 /* Frameworks */ = {
			isa = PBXFrameworksBuildPhase;
			buildActionMask = 2147483647;
			files = (
				7615B09C81503C36353F0B7F /* libPods-menuUITests.a in Frameworks */,
			);
			runOnlyForDeploymentPostprocessing = 0;
		};
/* End PBXFrameworksBuildPhase section */

/* Begin PBXGroup section */
		27D1C869F2E5F6E1A94D9238 /* Pods */ = {
			isa = PBXGroup;
			children = (
				3415131B5C4FC5BC78102A7D /* Pods-menu.debug.xcconfig */,
				E93FB817F2D29705F551D031 /* Pods-menu.release.xcconfig */,
				5A5A21995656B0537B1AAF88 /* Pods-menuTests.debug.xcconfig */,
				10FA3EFB3900C9BD98E1B9FF /* Pods-menuTests.release.xcconfig */,
				04F495A6A6287DAC8FED5B67 /* Pods-menuUITests.debug.xcconfig */,
				5A1F55D2EF04609CAFF5AA29 /* Pods-menuUITests.release.xcconfig */,
			);
			name = Pods;
			sourceTree = "<group>";
		};
		74A090AF76C41111A235CAD4 /* Frameworks */ = {
			isa = PBXGroup;
			children = (
				868D1E0C72451A4BF064FC4C /* libPods-menu.a */,
				92E9CA9DF21F17AD94C92F3D /* libPods-menuTests.a */,
				46F1AD7D4E4D30B94A70C593 /* libPods-menuUITests.a */,
			);
			name = Frameworks;
			sourceTree = "<group>";
		};
		B4CA29BB223AA6BC00217722 = {
			isa = PBXGroup;
			children = (
				B4CA29C6223AA6BC00217722 /* menu */,
				B4CA29DF223AA6BF00217722 /* menuTests */,
				B4CA29EA223AA6BF00217722 /* menuUITests */,
				B4CA29C5223AA6BC00217722 /* Products */,
				27D1C869F2E5F6E1A94D9238 /* Pods */,
				74A090AF76C41111A235CAD4 /* Frameworks */,
			);
			sourceTree = "<group>";
		};
		B4CA29C5223AA6BC00217722 /* Products */ = {
			isa = PBXGroup;
			children = (
				B4CA29C4223AA6BC00217722 /* menu.app */,
				B4CA29DC223AA6BF00217722 /* menuTests.xctest */,
				B4CA29E7223AA6BF00217722 /* menuUITests.xctest */,
			);
			name = Products;
			sourceTree = "<group>";
		};
		B4CA29C6223AA6BC00217722 /* menu */ = {
			isa = PBXGroup;
			children = (
				B4CA29C7223AA6BC00217722 /* AppDelegate.h */,
				B4CA29C8223AA6BC00217722 /* AppDelegate.m */,
				B4CA29CA223AA6BC00217722 /* ViewController.h */,
				B4CA29CB223AA6BC00217722 /* ViewController.m */,
				B4CA29CD223AA6BC00217722 /* Main.storyboard */,
				B4CA29D0223AA6BF00217722 /* Assets.xcassets */,
				B4CA29D2223AA6BF00217722 /* LaunchScreen.storyboard */,
				B4CA29D5223AA6BF00217722 /* Info.plist */,
				B4CA29D6223AA6BF00217722 /* main.m */,
			);
			path = menu;
			sourceTree = "<group>";
		};
		B4CA29DF223AA6BF00217722 /* menuTests */ = {
			isa = PBXGroup;
			children = (
				B4CA29E0223AA6BF00217722 /* menuTests.m */,
				B4CA29E2223AA6BF00217722 /* Info.plist */,
			);
			path = menuTests;
			sourceTree = "<group>";
		};
		B4CA29EA223AA6BF00217722 /* menuUITests */ = {
			isa = PBXGroup;
			children = (
				B4CA29EB223AA6BF00217722 /* menuUITests.m */,
				B4CA29ED223AA6BF00217722 /* Info.plist */,
			);
			path = menuUITests;
			sourceTree = "<group>";
		};
/* End PBXGroup section */

/* Begin PBXNativeTarget section */
		B4CA29C3223AA6BC00217722 /* menu */ = {
			isa = PBXNativeTarget;
			buildConfigurationList = B4CA29F0223AA6BF00217722 /* Build configuration list for PBXNativeTarget "menu" */;
			buildPhases = (
				3239744EC5ACE4029D9CEB18 /* [CP] Check Pods Manifest.lock */,
				B4CA29C0223AA6BC00217722 /* Sources */,
				B4CA29C1223AA6BC00217722 /* Frameworks */,
				B4CA29C2223AA6BC00217722 /* Resources */,
				5B352962F0B53774359282AC /* [CP] Copy Pods Resources */,
			);
			buildRules = (
			);
			dependencies = (
			);
			name = menu;
			productName = menu;
			productReference = B4CA29C4223AA6BC00217722 /* menu.app */;
			productType = "com.apple.product-type.application";
		};
		B4CA29DB223AA6BF00217722 /* menuTests */ = {
			isa = PBXNativeTarget;
			buildConfigurationList = B4CA29F3223AA6BF00217722 /* Build configuration list for PBXNativeTarget "menuTests" */;
			buildPhases = (
				D319D50128BF5C76C8C0B4BB /* [CP] Check Pods Manifest.lock */,
				B4CA29D8223AA6BF00217722 /* Sources */,
				B4CA29D9223AA6BF00217722 /* Frameworks */,
				B4CA29DA223AA6BF00217722 /* Resources */,
			);
			buildRules = (
			);
			dependencies = (
				B4CA29DE223AA6BF00217722 /* PBXTargetDependency */,
			);
			name = menuTests;
			productName = menuTests;
			productReference = B4CA29DC223AA6BF00217722 /* menuTests.xctest */;
			productType = "com.apple.product-type.bundle.unit-test";
		};
		B4CA29E6223AA6BF00217722 /* menuUITests */ = {
			isa = PBXNativeTarget;
			buildConfigurationList = B4CA29F6223AA6BF00217722 /* Build configuration list for PBXNativeTarget "menuUITests" */;
			buildPhases = (
				14375FD1729D77E1D5F6C5B6 /* [CP] Check Pods Manifest.lock */,
				B4CA29E3223AA6BF00217722 /* Sources */,
				B4CA29E4223AA6BF00217722 /* Frameworks */,
				B4CA29E5223AA6BF00217722 /* Resources */,
			);
			buildRules = (
			);
			dependencies = (
				B4CA29E9223AA6BF00217722 /* PBXTargetDependency */,
			);
			name = menuUITests;
			productName = menuUITests;
			productReference = B4CA29E7223AA6BF00217722 /* menuUITests.xctest */;
			productType = "com.apple.product-type.bundle.ui-testing";
		};
/* End PBXNativeTarget section */

/* Begin PBXProject section */
		B4CA29BC223AA6BC00217722 /* Project object */ = {
			isa = PBXProject;
			attributes = {
				LastUpgradeCheck = 1010;
				ORGANIZATIONNAME = Parker;
				TargetAttributes = {
					B4CA29C3223AA6BC00217722 = {
						CreatedOnToolsVersion = 10.1;
					};
					B4CA29DB223AA6BF00217722 = {
						CreatedOnToolsVersion = 10.1;
						TestTargetID = B4CA29C3223AA6BC00217722;
					};
					B4CA29E6223AA6BF00217722 = {
						CreatedOnToolsVersion = 10.1;
						TestTargetID = B4CA29C3223AA6BC00217722;
					};
				};
			};
			buildConfigurationList = B4CA29BF223AA6BC00217722 /* Build configuration list for PBXProject "menu" */;
			compatibilityVersion = "Xcode 9.3";
			developmentRegion = en;
			hasScannedForEncodings = 0;
			knownRegions = (
				en,
				Base,
			);
			mainGroup = B4CA29BB223AA6BC00217722;
			productRefGroup = B4CA29C5223AA6BC00217722 /* Products */;
			projectDirPath = "";
			projectRoot = "";
			targets = (
				B4CA29C3223AA6BC00217722 /* menu */,
				B4CA29DB223AA6BF00217722 /* menuTests */,
				B4CA29E6223AA6BF00217722 /* menuUITests */,
			);
		};
/* End PBXProject section */

/* Begin PBXResourcesBuildPhase section */
		B4CA29C2223AA6BC00217722 /* Resources */ = {
			isa = PBXResourcesBuildPhase;
			buildActionMask = 2147483647;
			files = (
				B4CA29D4223AA6BF00217722 /* LaunchScreen.storyboard in Resources */,
				B4CA29D1223AA6BF00217722 /* Assets.xcassets in Resources */,
				B4CA29CF223AA6BC00217722 /* Main.storyboard in Resources */,
			);
			runOnlyForDeploymentPostprocessing = 0;
		};
		B4CA29DA223AA6BF00217722 /* Resources */ = {
			isa = PBXResourcesBuildPhase;
			buildActionMask = 2147483647;
			files = (
			);
			runOnlyForDeploymentPostprocessing = 0;
		};
		B4CA29E5223AA6BF00217722 /* Resources */ = {
			isa = PBXResourcesBuildPhase;
			buildActionMask = 2147483647;
			files = (
			);
			runOnlyForDeploymentPostprocessing = 0;
		};
/* End PBXResourcesBuildPhase section */

/* Begin PBXShellScriptBuildPhase section */
		14375FD1729D77E1D5F6C5B6 /* [CP] Check Pods Manifest.lock */ = {
			isa = PBXShellScriptBuildPhase;
			buildActionMask = 2147483647;
			files = (
			);
			inputPaths = (
				"${PODS_PODFILE_DIR_PATH}/Podfile.lock",
				"${PODS_ROOT}/Manifest.lock",
			);
			name = "[CP] Check Pods Manifest.lock";
			outputPaths = (
				"$(DERIVED_FILE_DIR)/Pods-menuUITests-checkManifestLockResult.txt",
			);
			runOnlyForDeploymentPostprocessing = 0;
			shellPath = /bin/sh;
			shellScript = "diff \"${PODS_PODFILE_DIR_PATH}/Podfile.lock\" \"${PODS_ROOT}/Manifest.lock\" > /dev/null\nif [ $? != 0 ] ; then\n    # print error to STDERR\n    echo \"error: The sandbox is not in sync with the Podfile.lock. Run 'pod install' or update your CocoaPods installation.\" >&2\n    exit 1\nfi\n# This output is used by Xcode 'outputs' to avoid re-running this script phase.\necho \"SUCCESS\" > \"${SCRIPT_OUTPUT_FILE_0}\"\n";
			showEnvVarsInLog = 0;
		};
		3239744EC5ACE4029D9CEB18 /* [CP] Check Pods Manifest.lock */ = {
			isa = PBXShellScriptBuildPhase;
			buildActionMask = 2147483647;
			files = (
			);
			inputPaths = (
				"${PODS_PODFILE_DIR_PATH}/Podfile.lock",
				"${PODS_ROOT}/Manifest.lock",
			);
			name = "[CP] Check Pods Manifest.lock";
			outputPaths = (
				"$(DERIVED_FILE_DIR)/Pods-menu-checkManifestLockResult.txt",
			);
			runOnlyForDeploymentPostprocessing = 0;
			shellPath = /bin/sh;
			shellScript = "diff \"${PODS_PODFILE_DIR_PATH}/Podfile.lock\" \"${PODS_ROOT}/Manifest.lock\" > /dev/null\nif [ $? != 0 ] ; then\n    # print error to STDERR\n    echo \"error: The sandbox is not in sync with the Podfile.lock. Run 'pod install' or update your CocoaPods installation.\" >&2\n    exit 1\nfi\n# This output is used by Xcode 'outputs' to avoid re-running this script phase.\necho \"SUCCESS\" > \"${SCRIPT_OUTPUT_FILE_0}\"\n";
			showEnvVarsInLog = 0;
		};
		5B352962F0B53774359282AC /* [CP] Copy Pods Resources */ = {
			isa = PBXShellScriptBuildPhase;
			buildActionMask = 2147483647;
			files = (
			);
			inputPaths = (
				"${SRCROOT}/Pods/Target Support Files/Pods-menu/Pods-menu-resources.sh",
				"${PODS_ROOT}/IQKeyboardManager/IQKeyboardManager/Resources/IQKeyboardManager.bundle",
				"${PODS_ROOT}/MJRefresh/MJRefresh/MJRefresh.bundle",
				"${PODS_ROOT}/TZImagePickerController/TZImagePickerController/TZImagePickerController/TZImagePickerController.bundle",
			);
			name = "[CP] Copy Pods Resources";
			outputPaths = (
				"${TARGET_BUILD_DIR}/${UNLOCALIZED_RESOURCES_FOLDER_PATH}/IQKeyboardManager.bundle",
				"${TARGET_BUILD_DIR}/${UNLOCALIZED_RESOURCES_FOLDER_PATH}/MJRefresh.bundle",
				"${TARGET_BUILD_DIR}/${UNLOCALIZED_RESOURCES_FOLDER_PATH}/TZImagePickerController.bundle",
			);
			runOnlyForDeploymentPostprocessing = 0;
			shellPath = /bin/sh;
			shellScript = "\"${SRCROOT}/Pods/Target Support Files/Pods-menu/Pods-menu-resources.sh\"\n";
			showEnvVarsInLog = 0;
		};
		D319D50128BF5C76C8C0B4BB /* [CP] Check Pods Manifest.lock */ = {
			isa = PBXShellScriptBuildPhase;
			buildActionMask = 2147483647;
			files = (
			);
			inputPaths = (
				"${PODS_PODFILE_DIR_PATH}/Podfile.lock",
				"${PODS_ROOT}/Manifest.lock",
			);
			name = "[CP] Check Pods Manifest.lock";
			outputPaths = (
				"$(DERIVED_FILE_DIR)/Pods-menuTests-checkManifestLockResult.txt",
			);
			runOnlyForDeploymentPostprocessing = 0;
			shellPath = /bin/sh;
			shellScript = "diff \"${PODS_PODFILE_DIR_PATH}/Podfile.lock\" \"${PODS_ROOT}/Manifest.lock\" > /dev/null\nif [ $? != 0 ] ; then\n    # print error to STDERR\n    echo \"error: The sandbox is not in sync with the Podfile.lock. Run 'pod install' or update your CocoaPods installation.\" >&2\n    exit 1\nfi\n# This output is used by Xcode 'outputs' to avoid re-running this script phase.\necho \"SUCCESS\" > \"${SCRIPT_OUTPUT_FILE_0}\"\n";
			showEnvVarsInLog = 0;
		};
/* End PBXShellScriptBuildPhase section */

/* Begin PBXSourcesBuildPhase section */
		B4CA29C0223AA6BC00217722 /* Sources */ = {
			isa = PBXSourcesBuildPhase;
			buildActionMask = 2147483647;
			files = (
				B4CA29CC223AA6BC00217722 /* ViewController.m in Sources */,
				B4CA29D7223AA6BF00217722 /* main.m in Sources */,
				B4CA29C9223AA6BC00217722 /* AppDelegate.m in Sources */,
			);
			runOnlyForDeploymentPostprocessing = 0;
		};
		B4CA29D8223AA6BF00217722 /* Sources */ = {
			isa = PBXSourcesBuildPhase;
			buildActionMask = 2147483647;
			files = (
				B4CA29E1223AA6BF00217722 /* menuTests.m in Sources */,
			);
			runOnlyForDeploymentPostprocessing = 0;
		};
		B4CA29E3223AA6BF00217722 /* Sources */ = {
			isa = PBXSourcesBuildPhase;
			buildActionMask = 2147483647;
			files = (
				B4CA29EC223AA6BF00217722 /* menuUITests.m in Sources */,
			);
			runOnlyForDeploymentPostprocessing = 0;
		};
/* End PBXSourcesBuildPhase section */

/* Begin PBXTargetDependency section */
		B4CA29DE223AA6BF00217722 /* PBXTargetDependency */ = {
			isa = PBXTargetDependency;
			target = B4CA29C3223AA6BC00217722 /* menu */;
			targetProxy = B4CA29DD223AA6BF00217722 /* PBXContainerItemProxy */;
		};
		B4CA29E9223AA6BF00217722 /* PBXTargetDependency */ = {
			isa = PBXTargetDependency;
			target = B4CA29C3223AA6BC00217722 /* menu */;
			targetProxy = B4CA29E8223AA6BF00217722 /* PBXContainerItemProxy */;
		};
/* End PBXTargetDependency section */

/* Begin PBXVariantGroup section */
		B4CA29CD223AA6BC00217722 /* Main.storyboard */ = {
			isa = PBXVariantGroup;
			children = (
				B4CA29CE223AA6BC00217722 /* Base */,
			);
			name = Main.storyboard;
			sourceTree = "<group>";
		};
		B4CA29D2223AA6BF00217722 /* LaunchScreen.storyboard */ = {
			isa = PBXVariantGroup;
			children = (
				B4CA29D3223AA6BF00217722 /* Base */,
			);
			name = LaunchScreen.storyboard;
			sourceTree = "<group>";
		};
/* End PBXVariantGroup section */

/* Begin XCBuildConfiguration section */
		B4CA29EE223AA6BF00217722 /* Debug */ = {
			isa = XCBuildConfiguration;
			buildSettings = {
				ALWAYS_SEARCH_USER_PATHS = NO;
				CLANG_ANALYZER_NONNULL = YES;
				CLANG_ANALYZER_NUMBER_OBJECT_CONVERSION = YES_AGGRESSIVE;
				CLANG_CXX_LANGUAGE_STANDARD = "gnu++14";
				CLANG_CXX_LIBRARY = "libc++";
				CLANG_ENABLE_MODULES = YES;
				CLANG_ENABLE_OBJC_ARC = YES;
				CLANG_ENABLE_OBJC_WEAK = YES;
				CLANG_WARN_BLOCK_CAPTURE_AUTORELEASING = YES;
				CLANG_WARN_BOOL_CONVERSION = YES;
				CLANG_WARN_COMMA = YES;
				CLANG_WARN_CONSTANT_CONVERSION = YES;
				CLANG_WARN_DEPRECATED_OBJC_IMPLEMENTATIONS = YES;
				CLANG_WARN_DIRECT_OBJC_ISA_USAGE = YES_ERROR;
				CLANG_WARN_DOCUMENTATION_COMMENTS = YES;
				CLANG_WARN_EMPTY_BODY = YES;
				CLANG_WARN_ENUM_CONVERSION = YES;
				CLANG_WARN_INFINITE_RECURSION = YES;
				CLANG_WARN_INT_CONVERSION = YES;
				CLANG_WARN_NON_LITERAL_NULL_CONVERSION = YES;
				CLANG_WARN_OBJC_IMPLICIT_RETAIN_SELF = YES;
				CLANG_WARN_OBJC_LITERAL_CONVERSION = YES;
				CLANG_WARN_OBJC_ROOT_CLASS = YES_ERROR;
				CLANG_WARN_RANGE_LOOP_ANALYSIS = YES;
				CLANG_WARN_STRICT_PROTOTYPES = YES;
				CLANG_WARN_SUSPICIOUS_MOVE = YES;
				CLANG_WARN_UNGUARDED_AVAILABILITY = YES_AGGRESSIVE;
				CLANG_WARN_UNREACHABLE_CODE = YES;
				CLANG_WARN__DUPLICATE_METHOD_MATCH = YES;
				CODE_SIGN_IDENTITY = "iPhone Developer";
				COPY_PHASE_STRIP = NO;
				DEBUG_INFORMATION_FORMAT = dwarf;
				ENABLE_STRICT_OBJC_MSGSEND = YES;
				ENABLE_TESTABILITY = YES;
				GCC_C_LANGUAGE_STANDARD = gnu11;
				GCC_DYNAMIC_NO_PIC = NO;
				GCC_NO_COMMON_BLOCKS = YES;
				GCC_OPTIMIZATION_LEVEL = 0;
				GCC_PREPROCESSOR_DEFINITIONS = (
					"DEBUG=1",
					"$(inherited)",
				);
				GCC_WARN_64_TO_32_BIT_CONVERSION = YES;
				GCC_WARN_ABOUT_RETURN_TYPE = YES_ERROR;
				GCC_WARN_UNDECLARED_SELECTOR = YES;
				GCC_WARN_UNINITIALIZED_AUTOS = YES_AGGRESSIVE;
				GCC_WARN_UNUSED_FUNCTION = YES;
				GCC_WARN_UNUSED_VARIABLE = YES;
				IPHONEOS_DEPLOYMENT_TARGET = 12.1;
				MTL_ENABLE_DEBUG_INFO = INCLUDE_SOURCE;
				MTL_FAST_MATH = YES;
				ONLY_ACTIVE_ARCH = YES;
				SDKROOT = iphoneos;
			};
			name = Debug;
		};
		B4CA29EF223AA6BF00217722 /* Release */ = {
			isa = XCBuildConfiguration;
			buildSettings = {
				ALWAYS_SEARCH_USER_PATHS = NO;
				CLANG_ANALYZER_NONNULL = YES;
				CLANG_ANALYZER_NUMBER_OBJECT_CONVERSION = YES_AGGRESSIVE;
				CLANG_CXX_LANGUAGE_STANDARD = "gnu++14";
				CLANG_CXX_LIBRARY = "libc++";
				CLANG_ENABLE_MODULES = YES;
				CLANG_ENABLE_OBJC_ARC = YES;
				CLANG_ENABLE_OBJC_WEAK = YES;
				CLANG_WARN_BLOCK_CAPTURE_AUTORELEASING = YES;
				CLANG_WARN_BOOL_CONVERSION = YES;
				CLANG_WARN_COMMA = YES;
				CLANG_WARN_CONSTANT_CONVERSION = YES;
				CLANG_WARN_DEPRECATED_OBJC_IMPLEMENTATIONS = YES;
				CLANG_WARN_DIRECT_OBJC_ISA_USAGE = YES_ERROR;
				CLANG_WARN_DOCUMENTATION_COMMENTS = YES;
				CLANG_WARN_EMPTY_BODY = YES;
				CLANG_WARN_ENUM_CONVERSION = YES;
				CLANG_WARN_INFINITE_RECURSION = YES;
				CLANG_WARN_INT_CONVERSION = YES;
				CLANG_WARN_NON_LITERAL_NULL_CONVERSION = YES;
				CLANG_WARN_OBJC_IMPLICIT_RETAIN_SELF = YES;
				CLANG_WARN_OBJC_LITERAL_CONVERSION = YES;
				CLANG_WARN_OBJC_ROOT_CLASS = YES_ERROR;
				CLANG_WARN_RANGE_LOOP_ANALYSIS = YES;
				CLANG_WARN_STRICT_PROTOTYPES = YES;
				CLANG_WARN_SUSPICIOUS_MOVE = YES;
				CLANG_WARN_UNGUARDED_AVAILABILITY = YES_AGGRESSIVE;
				CLANG_WARN_UNREACHABLE_CODE = YES;
				CLANG_WARN__DUPLICATE_METHOD_MATCH = YES;
				CODE_SIGN_IDENTITY = "iPhone Developer";
				COPY_PHASE_STRIP = NO;
				DEBUG_INFORMATION_FORMAT = "dwarf-with-dsym";
				ENABLE_NS_ASSERTIONS = NO;
				ENABLE_STRICT_OBJC_MSGSEND = YES;
				GCC_C_LANGUAGE_STANDARD = gnu11;
				GCC_NO_COMMON_BLOCKS = YES;
				GCC_WARN_64_TO_32_BIT_CONVERSION = YES;
				GCC_WARN_ABOUT_RETURN_TYPE = YES_ERROR;
				GCC_WARN_UNDECLARED_SELECTOR = YES;
				GCC_WARN_UNINITIALIZED_AUTOS = YES_AGGRESSIVE;
				GCC_WARN_UNUSED_FUNCTION = YES;
				GCC_WARN_UNUSED_VARIABLE = YES;
				IPHONEOS_DEPLOYMENT_TARGET = 12.1;
				MTL_ENABLE_DEBUG_INFO = NO;
				MTL_FAST_MATH = YES;
				SDKROOT = iphoneos;
				VALIDATE_PRODUCT = YES;
			};
			name = Release;
		};
		B4CA29F1223AA6BF00217722 /* Debug */ = {
			isa = XCBuildConfiguration;
			baseConfigurationReference = 3415131B5C4FC5BC78102A7D /* Pods-menu.debug.xcconfig */;
			buildSettings = {
				ASSETCATALOG_COMPILER_APPICON_NAME = AppIcon;
				CODE_SIGN_STYLE = Automatic;
				DEVELOPMENT_TEAM = 5TGQU3S8SS;
				INFOPLIST_FILE = menu/Info.plist;
				LD_RUNPATH_SEARCH_PATHS = (
					"$(inherited)",
					"@executable_path/Frameworks",
				);
				PRODUCT_BUNDLE_IDENTIFIER = com.example.menu;
				PRODUCT_NAME = "$(TARGET_NAME)";
				TARGETED_DEVICE_FAMILY = "1,2";
			};
			name = Debug;
		};
		B4CA29F2223AA6BF00217722 /* Release */ = {
			isa = XCBuildConfiguration;
			baseConfigurationReference = E93FB817F2D29705F551D031 /* Pods-menu.release.xcconfig */;
			buildSettings = {
				ASSETCATALOG_COMPILER_APPICON_NAME = AppIcon;
				CODE_SIGN_STYLE = Automatic;
				DEVELOPMENT_TEAM = 5TGQU3S8SS;
				INFOPLIST_FILE = menu/Info.plist;
				LD_RUNPATH_SEARCH_PATHS = (
					"$(inherited)",
					"@executable_path/Frameworks",
				);
				PRODUCT_BUNDLE_IDENTIFIER = com.example.menu;
				PRODUCT_NAME = "$(TARGET_NAME)";
				TARGETED_DEVICE_FAMILY = "1,2";
			};
			name = Release;
		};
		B4CA29F4223AA6BF00217722 /* Debug */ = {
			isa = XCBuildConfiguration;
			baseConfigurationReference = 5A5A21995656B0537B1AAF88 /* Pods-menuTests.debug.xcconfig */;
			buildSettings = {
				BUNDLE_LOADER = "$(TEST_HOST)";
				CODE_SIGN_STYLE = Automatic;
				DEVELOPMENT_TEAM = 5TGQU3S8SS;
				INFOPLIST_FILE = menuTests/Info.plist;
				LD_RUNPATH_SEARCH_PATHS = (
					"$(inherited)",
					"@executable_path/Frameworks",
					"@loader_path/Frameworks",
				);
				PRODUCT_BUNDLE_IDENTIFIER = com.example.menuTests;
				PRODUCT_NAME = "$(TARGET_NAME)";
				TARGETED_DEVICE_FAMILY = "1,2";
				TEST_HOST = "$(BUILT_PRODUCTS_DIR)/menu.app/menu";
			};
			name = Debug;
		};
		B4CA29F5223AA6BF00217722 /* Release */ = {
			isa = XCBuildConfiguration;
			baseConfigurationReference = 10FA3EFB3900C9BD98E1B9FF /* Pods-menuTests.release.xcconfig */;
			buildSettings = {
				BUNDLE_LOADER = "$(TEST_HOST)";
				CODE_SIGN_STYLE = Automatic;
				DEVELOPMENT_TEAM = 5TGQU3S8SS;
				INFOPLIST_FILE = menuTests/Info.plist;
				LD_RUNPATH_SEARCH_PATHS = (
					"$(inherited)",
					"@executable_path/Frameworks",
					"@loader_path/Frameworks",
				);
				PRODUCT_BUNDLE_IDENTIFIER = com.example.menuTests;
				PRODUCT_NAME = "$(TARGET_NAME)";
				TARGETED_DEVICE_FAMILY = "1,2";
				TEST_HOST = "$(BUILT_PRODUCTS_DIR)/menu.app/menu";
			};
			name = Release;
		};
		B4CA29F7223AA6BF00217722 /* Debug */ = {
			isa = XCBuildConfiguration;
			baseConfigurationReference = 04F495A6A6287DAC8FED5B67 /* Pods-menuUITests.debug.xcconfig */;
			buildSettings = {
				CODE_SIGN_STYLE = Automatic;
				DEVELOPMENT_TEAM = 5TGQU3S8SS;
				INFOPLIST_FILE = menuUITests/Info.plist;
				LD_RUNPATH_SEARCH_PATHS = (
					"$(inherited)",
					"@executable_path/Frameworks",
					"@loader_path/Frameworks",
				);
				PRODUCT_BUNDLE_IDENTIFIER = com.example.menuUITests;
				PRODUCT_NAME = "$(TARGET_NAME)";
				TARGETED_DEVICE_FAMILY = "1,2";
				TEST_TARGET_NAME = menu;
			};
			name = Debug;
		};
		B4CA29F8223AA6BF00217722 /* Release */ = {
			isa = XCBuildConfiguration;
			baseConfigurationReference = 5A1F55D2EF04609CAFF5AA29 /* Pods-menuUITests.release.xcconfig */;
			buildSettings = {
				CODE_SIGN_STYLE = Automatic;
				DEVELOPMENT_TEAM = 5TGQU3S8SS;
				INFOPLIST_FILE = menuUITests/Info.plist;
				LD_RUNPATH_SEARCH_PATHS = (
					"$(inherited)",
					"@executable_path/Frameworks",
					"@loader_path/Frameworks",
				);
				PRODUCT_BUNDLE_IDENTIFIER = com.example.menuUITests;
				PRODUCT_NAME = "$(TARGET_NAME)";
				TARGETED_DEVICE_FAMILY = "1,2";
				TEST_TARGET_NAME = menu;
			};
			name = Release;
		};
/* End XCBuildConfiguration section */

/* Begin XCConfigurationList section */
		B4CA29BF223AA6BC00217722 /* Build configuration list for PBXProject "menu" */ = {
			isa = XCConfigurationList;
			buildConfigurations = (
				B4CA29EE223AA6BF00217722 /* Debug */,
				B4CA29EF223AA6BF00217722 /* Release */,
			);
			defaultConfigurationIsVisible = 0;
			defaultConfigurationName = Release;
		};
		B4CA29F0223AA6BF00217722 /* Build configuration list for PBXNativeTarget "menu" */ = {
			isa = XCConfigurationList;
			buildConfigurations = (
				B4CA29F1223AA6BF00217722 /* Debug */,
				B4CA29F2223AA6BF00217722 /* Release */,
			);
			defaultConfigurationIsVisible = 0;
			defaultConfigurationName = Release;
		};
		B4CA29F3223AA6BF00217722 /* Build configuration list for PBXNativeTarget "menuTests" */ = {
			isa = XCConfigurationList;
			buildConfigurations = (
				B4CA29F4223AA6BF00217722 /* Debug */,
				B4CA29F5223AA6BF00217722 /* Release */,
			);
			defaultConfigurationIsVisible = 0;
			defaultConfigurationName = Release;
		};
		B4CA29F6223AA6BF00217722 /* Build configuration list for PBXNativeTarget "menuUITests" */ = {
			isa = XCConfigurationList;
			buildConfigurations = (
				B4CA29F7223AA6BF00217722 /* Debug */,
				B4CA29F8223AA6BF00217722 /* Release */,
			);
			defaultConfigurationIsVisible = 0;
			defaultConfigurationName = Release;
		};
/* End XCConfigurationList section */
	};
	rootObject = B4CA29BC223AA6BC00217722 /* Project object */;
}
